lockfileVersion: '9.0'

settings:
  autoInstallPeers: true
  excludeLinksFromLockfile: false

importers:

  .:
    dependencies:
      '@azure/functions':
        specifier: ^4
        version: 4.10.0

packages:

  '@azure/functions-extensions-base@0.2.0':
    resolution: {integrity: sha512-ncCkHBNQYJa93dBIh+toH0v1iSgCzSo9tr94s6SMBe7DPWREkaWh8cq33A5P4rPSFX1g5W+3SPvIzDr/6/VOWQ==}
    engines: {node: '>=18.0'}

  '@azure/functions@4.10.0':
    resolution: {integrity: sha512-hJ58IrZ4vyzcD/2FXTAoBr9iJO1gtb7jUbdU0lCOYOIeQNezVjNXaqLjECuP0GMGVq12RsqZoDfTRNo8xqcLYg==}
    engines: {node: '>=20.0'}

  '@fastify/busboy@2.1.1':
    resolution: {integrity: sha512-vBZP4NlzfOlerQTnba4aqZoMhE/a9HY7HRqoOPaETQcSQuWEIyZMHGfVu6w9wGtGK5fED5qRs2DteVCjOH60sA==}
    engines: {node: '>=14'}

  cookie@0.7.2:
    resolution: {integrity: sha512-yki5XnKuf750l50uGTllt6kKILY4nQ1eNIQatoXEByZ5dWgnKqbnqmTrBE5B4N7lrMJKQ2ytWMiTO2o0v6Ew/w==}
    engines: {node: '>= 0.6'}

  long@4.0.0:
    resolution: {integrity: sha512-XsP+KhQif4bjX1kbuSiySJFNAehNxgLb6hPRGJ9QsUr8ajHkuXGdrHmFUTUUXhDwVX2R5bY4JNZEwbUiMhV+MA==}

  undici@5.29.0:
    resolution: {integrity: sha512-raqeBD6NQK4SkWhQzeYKd1KmIG6dllBOTt55Rmkt4HtI9mwdWtJljnrXjAFUBLTSN67HWrOIZ3EPF4kjUw80Bg==}
    engines: {node: '>=14.0'}

snapshots:

  '@azure/functions-extensions-base@0.2.0': {}

  '@azure/functions@4.10.0':
    dependencies:
      '@azure/functions-extensions-base': 0.2.0
      cookie: 0.7.2
      long: 4.0.0
      undici: 5.29.0

  '@fastify/busboy@2.1.1': {}

  cookie@0.7.2: {}

  long@4.0.0: {}

  undici@5.29.0:
    dependencies:
      '@fastify/busboy': 2.1.1
